Microsoft Visual Studio Solution File, Format Version 10.00
# Visual Studio 2008
Project("{8BC9CEB8-8B4A-11D0-8D11-00A0C91BC942}") = "I2P", "I2P.vcproj", "{0A74F3D1-C70A-4CF0-9390-C676025ED12F}"
EndProject
Global
	GlobalSection(SolutionConfigurationPlatforms) = preSolution
		Debug|Win32 = Debug|Win32
		Release|Win32 = Release|Win32
		Release-alpha|Win32 = Release-alpha|Win32
	EndGlobalSection
	GlobalSection(ProjectConfigurationPlatforms) = postSolution
		{0A74F3D1-C70A-4CF0-9390-C676025ED12F}.Debug|Win32.ActiveCfg = Debug|Win32
		{0A74F3D1-C70A-4CF0-9390-C676025ED12F}.Debug|Win32.Build.0 = Debug|Win32
		{0A74F3D1-C70A-4CF0-9390-C676025ED12F}.Release|Win32.ActiveCfg = Release|Win32
		{0A74F3D1-C70A-4CF0-9390-C676025ED12F}.Release|Win32.Build.0 = Release|Win32
		{0A74F3D1-C70A-4CF0-9390-C676025ED12F}.Release-alpha|Win32.ActiveCfg = Release-alpha|Win32
		{0A74F3D1-C70A-4CF0-9390-C676025ED12F}.Release-alpha|Win32.Build.0 = Release-alpha|Win32
	EndGlobalSection
	GlobalSection(SolutionProperties) = preSolution
		HideSolutionNode = FALSE
	EndGlobalSection
EndGlobal
